// !$*UTF8*$!
{
	archiveVersion = 1;
	classes = {
	};
	objectVersion = 46;
	objects = {

/* Begin PBXBuildFile section */
		895933111BD79DE10049E6FF /* main.m in Sources */ = {isa = PBXBuildFile; fileRef = 895933101BD79DE10049E6FF /* main.m */; };
		895933141BD79DE10049E6FF /* AppDelegate.m in Sources */ = {isa = PBXBuildFile; fileRef = 895933131BD79DE10049E6FF /* AppDelegate.m */; };
		895933171BD79DE10049E6FF /* ViewController.m in Sources */ = {isa = PBXBuildFile; fileRef = 895933161BD79DE10049E6FF /* ViewController.m */; };
		8959331A1BD79DE20049E6FF /* Main.storyboard in Resources */ = {isa = PBXBuildFile; fileRef = 895933181BD79DE20049E6FF /* Main.storyboard */; };
		8959331D1BD79DE20049E6FF /* Demo.xcdatamodeld in Sources */ = {isa = PBXBuildFile; fileRef = 8959331B1BD79DE20049E6FF /* Demo.xcdatamodeld */; };
		8959331F1BD79DE20049E6FF /* Assets.xcassets in Resources */ = {isa = PBXBuildFile; fileRef = 8959331E1BD79DE20049E6FF /* Assets.xcassets */; };
		895933221BD79DE20049E6FF /* LaunchScreen.storyboard in Resources */ = {isa = PBXBuildFile; fileRef = 895933201BD79DE20049E6FF /* LaunchScreen.storyboard */; };
		8959332D1BD79DE20049E6FF /* DemoTests.m in Sources */ = {isa = PBXBuildFile; fileRef = 8959332C1BD79DE20049E6FF /* DemoTests.m */; };
/* End PBXBuildFile section */

/* Begin PBXContainerItemProxy section */
		895933291BD79DE20049E6FF /* PBXContainerItemProxy */ = {
			isa = PBXContainerItemProxy;
			containerPortal = 895933041BD79DE10049E6FF /* Project object */;
			proxyType = 1;
			remoteGlobalIDString = 8959330B1BD79DE10049E6FF;
			remoteInfo = Demo;
		};
/* End PBXContainerItemProxy section */

/* Begin PBXFileReference section */
		8959330C1BD79DE10049E6FF /* Demo.app */ = {isa = PBXFileReference; explicitFileType = wrapper.application; includeInIndex = 0; path = Demo.app; sourceTree = BUILT_PRODUCTS_DIR; };
		895933101BD79DE10049E6FF /* main.m */ = {isa = PBXFileReference; lastKnownFileType = sourcecode.c.objc; path = main.m; sourceTree = "<group>"; };
		895933121BD79DE10049E6FF /* AppDelegate.h */ = {isa = PBXFileReference; lastKnownFileType = sourcecode.c.h; path = AppDelegate.h; sourceTree = "<group>"; };
		895933131BD79DE10049E6FF /* AppDelegate.m */ = {isa = PBXFileReference; lastKnownFileType = sourcecode.c.objc; path = AppDelegate.m; sourceTree = "<group>"; };
		895933151BD79DE10049E6FF /* ViewController.h */ = {isa = PBXFileReference; lastKnownFileType = sourcecode.c.h; path = ViewController.h; sourceTree = "<group>"; };
		895933161BD79DE10049E6FF /* ViewController.m */ = {isa = PBXFileReference; lastKnownFileType = sourcecode.c.objc; path = ViewController.m; sourceTree = "<group>"; };
		895933191BD79DE20049E6FF /* Base */ = {isa = PBXFileReference; lastKnownFileType = file.storyboard; name = Base; path = Base.lproj/Main.storyboard; sourceTree = "<group>"; };
		8959331C1BD79DE20049E6FF /* Demo.xcdatamodel */ = {isa = PBXFileReference; lastKnownFileType = wrapper.xcdatamodel; path = Demo.xcdatamodel; sourceTree = "<group>"; };
		8959331E1BD79DE20049E6FF /* Assets.xcassets */ = {isa = PBXFileReference; lastKnownFileType = folder.assetcatalog; path = Assets.xcassets; sourceTree = "<group>"; };
		895933211BD79DE20049E6FF /* Base */ = {isa = PBXFileReference; lastKnownFileType = file.storyboard; name = Base; path = Base.lproj/LaunchScreen.storyboard; sourceTree = "<group>"; };
		895933231BD79DE20049E6FF /* Info.plist */ = {isa = PBXFileReference; lastKnownFileType = text.plist.xml; path = Info.plist; sourceTree = "<group>"; };
		895933281BD79DE20049E6FF /* DemoTests.xctest */ = {isa = PBXFileReference; explicitFileType = wrapper.cfbundle; includeInIndex = 0; path = DemoTests.xctest; sourceTree = BUILT_PRODUCTS_DIR; };
		8959332C1BD79DE20049E6FF /* DemoTests.m */ = {isa = PBXFileReference; lastKnownFileType = sourcecode.c.objc; path = DemoTests.m; sourceTree = "<group>"; };
		8959332E1BD79DE20049E6FF /* Info.plist */ = {isa = PBXFileReference; lastKnownFileType = text.plist.xml; path = Info.plist; sourceTree = "<group>"; };
/* End PBXFileReference section */

/* Begin PBXFrameworksBuildPhase section */
		895933091BD79DE10049E6FF /* Frameworks */ = {
			isa = PBXFrameworksBuildPhase;
			buildActionMask = 2147483647;
			files = (
			);
			runOnlyForDeploymentPostprocessing = 0;
		};
		895933251BD79DE20049E6FF /* Frameworks */ = {
			isa = PBXFrameworksBuildPhase;
			buildActionMask = 2147483647;
			files = (
			);
			runOnlyForDeploymentPostprocessing = 0;
		};
/* End PBXFrameworksBuildPhase section */

/* Begin PBXGroup section */
		895933031BD79DE10049E6FF = {
			isa = PBXGroup;
			children = (
				8959330E1BD79DE10049E6FF /* Demo */,
				8959332B1BD79DE20049E6FF /* DemoTests */,
				8959330D1BD79DE10049E6FF /* Products */,
			);
			sourceTree = "<group>";
		};
		8959330D1BD79DE10049E6FF /* Products */ = {
			isa = PBXGroup;
			children = (
				8959330C1BD79DE10049E6FF /* Demo.app */,
				895933281BD79DE20049E6FF /* DemoTests.xctest */,
			);
			name = Products;
			sourceTree = "<group>";
		};
		8959330E1BD79DE10049E6FF /* Demo */ = {
			isa = PBXGroup;
			children = (
				895933121BD79DE10049E6FF /* AppDelegate.h */,
				895933131BD79DE10049E6FF /* AppDelegate.m */,
				895933151BD79DE10049E6FF /* ViewController.h */,
				895933161BD79DE10049E6FF /* ViewController.m */,
				895933181BD79DE20049E6FF /* Main.storyboard */,
				8959331E1BD79DE20049E6FF /* Assets.xcassets */,
				895933201BD79DE20049E6FF /* LaunchScreen.storyboard */,
				895933231BD79DE20049E6FF /* Info.plist */,
				8959331B1BD79DE20049E6FF /* Demo.xcdatamodeld */,
				8959330F1BD79DE10049E6FF /* Supporting Files */,
			);
			path = Demo;
			sourceTree = "<group>";
		};
		8959330F1BD79DE10049E6FF /* Supporting Files */ = {
			isa = PBXGroup;
			children = (
				895933101BD79DE10049E6FF /* main.m */,
			);
			name = "Supporting Files";
			sourceTree = "<group>";
		};
		8959332B1BD79DE20049E6FF /* DemoTests */ = {
			isa = PBXGroup;
			children = (
				8959332C1BD79DE20049E6FF /* DemoTests.m */,
				8959332E1BD79DE20049E6FF /* Info.plist */,
			);
			path = DemoTests;
			sourceTree = "<group>";
		};
/* End PBXGroup section */

/* Begin PBXNativeTarget section */
		8959330B1BD79DE10049E6FF /* Demo */ = {
			isa = PBXNativeTarget;
			buildConfigurationList = 895933311BD79DE20049E6FF /* Build configuration list for PBXNativeTarget "Demo" */;
			buildPhases = (
				895933081BD79DE10049E6FF /* Sources */,
				895933091BD79DE10049E6FF /* Frameworks */,
				8959330A1BD79DE10049E6FF /* Resources */,
			);
			buildRules = (
			);
			dependencies = (
			);
			name = Demo;
			productName = Demo;
			productReference = 8959330C1BD79DE10049E6FF /* Demo.app */;
			productType = "com.apple.product-type.application";
		};
		895933271BD79DE20049E6FF /* DemoTests */ = {
			isa = PBXNativeTarget;
			buildConfigurationList = 895933341BD79DE20049E6FF /* Build configuration list for PBXNativeTarget "DemoTests" */;
			buildPhases = (
				895933241BD79DE20049E6FF /* Sources */,
				895933251BD79DE20049E6FF /* Frameworks */,
				895933261BD79DE20049E6FF /* Resources */,
			);
			buildRules = (
			);
			dependencies = (
				8959332A1BD79DE20049E6FF /* PBXTargetDependency */,
			);
			name = DemoTests;
			productName = DemoTests;
			productReference = 895933281BD79DE20049E6FF /* DemoTests.xctest */;
			productType = "com.apple.product-type.bundle.unit-test";
		};
/* End PBXNativeTarget section */

/* Begin PBXProject section */
		895933041BD79DE10049E6FF /* Project object */ = {
			isa = PBXProject;
			attributes = {
				LastUpgradeCheck = 0710;
				ORGANIZATIONNAME = superdeer;
				TargetAttributes = {
					8959330B1BD79DE10049E6FF = {
						CreatedOnToolsVersion = 7.1;
					};
					895933271BD79DE20049E6FF = {
						CreatedOnToolsVersion = 7.1;
						TestTargetID = 8959330B1BD79DE10049E6FF;
					};
				};
			};
			buildConfigurationList = 895933071BD79DE10049E6FF /* Build configuration list for PBXProject "Demo" */;
			compatibilityVersion = "Xcode 3.2";
			developmentRegion = English;
			hasScannedForEncodings = 0;
			knownRegions = (
				en,
				Base,
			);
			mainGroup = 895933031BD79DE10049E6FF;
			productRefGroup = 8959330D1BD79DE10049E6FF /* Products */;
			projectDirPath = "";
			projectRoot = "";
			targets = (
				8959330B1BD79DE10049E6FF /* Demo */,
				895933271BD79DE20049E6FF /* DemoTests */,
			);
		};
/* End PBXProject section */

/* Begin PBXResourcesBuildPhase section */
		8959330A1BD79DE10049E6FF /* Resources */ = {
			isa = PBXResourcesBuildPhase;
			buildActionMask = 2147483647;
			files = (
				895933221BD79DE20049E6FF /* LaunchScreen.storyboard in Resources */,
				8959331F1BD79DE20049E6FF /* Assets.xcassets in Resources */,
				8959331A1BD79DE20049E6FF /* Main.storyboard in Resources */,
			);
			runOnlyForDeploymentPostprocessing = 0;
		};
		895933261BD79DE20049E6FF /* Resources */ = {
			isa = PBXResourcesBuildPhase;
			buildActionMask = 2147483647;
			files = (
			);
			runOnlyForDeploymentPostprocessing = 0;
		};
/* End PBXResourcesBuildPhase section */

/* Begin PBXSourcesBuildPhase section */
		895933081BD79DE10049E6FF /* Sources */ = {
			isa = PBXSourcesBuildPhase;
			buildActionMask = 2147483647;
			files = (
				895933171BD79DE10049E6FF /* ViewController.m in Sources */,
				895933141BD79DE10049E6FF /* AppDelegate.m in Sources */,
				8959331D1BD79DE20049E6FF /* Demo.xcdatamodeld in Sources */,
				895933111BD79DE10049E6FF /* main.m in Sources */,
			);
			runOnlyForDeploymentPostprocessing = 0;
		};
		895933241BD79DE20049E6FF /* Sources */ = {
			isa = PBXSourcesBuildPhase;
			buildActionMask = 2147483647;
			files = (
				8959332D1BD79DE20049E6FF /* DemoTests.m in Sources */,
			);
			runOnlyForDeploymentPostprocessing = 0;
		};
/* End PBXSourcesBuildPhase section */

/* Begin PBXTargetDependency section */
		8959332A1BD79DE20049E6FF /* PBXTargetDependency */ = {
			isa = PBXTargetDependency;
			target = 8959330B1BD79DE10049E6FF /* Demo */;
			targetProxy = 895933291BD79DE20049E6FF /* PBXContainerItemProxy */;
		};
/* End PBXTargetDependency section */

/* Begin PBXVariantGroup section */
		895933181BD79DE20049E6FF /* Main.storyboard */ = {
			isa = PBXVariantGroup;
			children = (
				895933191BD79DE20049E6FF /* Base */,
			);
			name = Main.storyboard;
			sourceTree = "<group>";
		};
		895933201BD79DE20049E6FF /* LaunchScreen.storyboard */ = {
			isa = PBXVariantGroup;
			children = (
				895933211BD79DE20049E6FF /* Base */,
			);
			name = LaunchScreen.storyboard;
			sourceTree = "<group>";
		};
/* End PBXVariantGroup section */

/* Begin XCBuildConfiguration section */
		8959332F1BD79DE20049E6FF /* Debug */ = {
			isa = XCBuildConfiguration;
			buildSettings = {
				ALWAYS_SEARCH_USER_PATHS = NO;
				CLANG_CXX_LANGUAGE_STANDARD = "gnu++0x";
				CLANG_CXX_LIBRARY = "libc++";
				CLANG_ENABLE_MODULES = YES;
				CLANG_ENABLE_OBJC_ARC = YES;
				CLANG_WARN_BOOL_CONVERSION = YES;
				CLANG_WARN_CONSTANT_CONVERSION = YES;
				CLANG_WARN_DIRECT_OBJC_ISA_USAGE = YES_ERROR;
				CLANG_WARN_EMPTY_BODY = YES;
				CLANG_WARN_ENUM_CONVERSION = YES;
				CLANG_WARN_INT_CONVERSION = YES;
				CLANG_WARN_OBJC_ROOT_CLASS = YES_ERROR;
				CLANG_WARN_UNREACHABLE_CODE = YES;
				CLANG_WARN__DUPLICATE_METHOD_MATCH = YES;
				"CODE_SIGN_IDENTITY[sdk=iphoneos*]" = "iPhone Developer";
				COPY_PHASE_STRIP = NO;
				DEBUG_INFORMATION_FORMAT = dwarf;
				ENABLE_STRICT_OBJC_MSGSEND = YES;
				ENABLE_TESTABILITY = YES;
				GCC_C_LANGUAGE_STANDARD = gnu99;
				GCC_DYNAMIC_NO_PIC = NO;
				GCC_NO_COMMON_BLOCKS = YES;
				GCC_OPTIMIZATION_LEVEL = 0;
				GCC_PREPROCESSOR_DEFINITIONS = (
					"DEBUG=1",
					"$(inherited)",
				);
				GCC_WARN_64_TO_32_BIT_CONVERSION = YES;
				GCC_WARN_ABOUT_RETURN_TYPE = YES_ERROR;
				GCC_WARN_UNDECLARED_SELECTOR = YES;
				GCC_WARN_UNINITIALIZED_AUTOS = YES_AGGRESSIVE;
				GCC_WARN_UNUSED_FUNCTION = YES;
				GCC_WARN_UNUSED_VARIABLE = YES;
				IPHONEOS_DEPLOYMENT_TARGET = 9.1;
				MTL_ENABLE_DEBUG_INFO = YES;
				ONLY_ACTIVE_ARCH = YES;
				SDKROOT = iphoneos;
			};
			name = Debug;
		};
		895933301BD79DE20049E6FF /* Release */ = {
			isa = XCBuildConfiguration;
			buildSettings = {
				ALWAYS_SEARCH_USER_PATHS = NO;
				CLANG_CXX_LANGUAGE_STANDARD = "gnu++0x";
				CLANG_CXX_LIBRARY = "libc++";
				CLANG_ENABLE_MODULES = YES;
				CLANG_ENABLE_OBJC_ARC = YES;
				CLANG_WARN_BOOL_CONVERSION = YES;
				CLANG_WARN_CONSTANT_CONVERSION = YES;
				CLANG_WARN_DIRECT_OBJC_ISA_USAGE = YES_ERROR;
				CLANG_WARN_EMPTY_BODY = YES;
				CLANG_WARN_ENUM_CONVERSION = YES;
				CLANG_WARN_INT_CONVERSION = YES;
				CLANG_WARN_OBJC_ROOT_CLASS = YES_ERROR;
				CLANG_WARN_UNREACHABLE_CODE = YES;
				CLANG_WARN__DUPLICATE_METHOD_MATCH = YES;
				"CODE_SIGN_IDENTITY[sdk=iphoneos*]" = "iPhone Developer";
				COPY_PHASE_STRIP = NO;
				DEBUG_INFORMATION_FORMAT = "dwarf-with-dsym";
				ENABLE_NS_ASSERTIONS = NO;
				ENABLE_STRICT_OBJC_MSGSEND = YES;
				GCC_C_LANGUAGE_STANDARD = gnu99;
				GCC_NO_COMMON_BLOCKS = YES;
				GCC_WARN_64_TO_32_BIT_CONVERSION = YES;
				GCC_WARN_ABOUT_RETURN_TYPE = YES_ERROR;
				GCC_WARN_UNDECLARED_SELECTOR = YES;
				GCC_WARN_UNINITIALIZED_AUTOS = YES_AGGRESSIVE;
				GCC_WARN_UNUSED_FUNCTION = YES;
				GCC_WARN_UNUSED_VARIABLE = YES;
				IPHONEOS_DEPLOYMENT_TARGET = 9.1;
				MTL_ENABLE_DEBUG_INFO = NO;
				SDKROOT = iphoneos;
				VALIDATE_PRODUCT = YES;
			};
			name = Release;
		};
		895933321BD79DE20049E6FF /* Debug */ = {
			isa = XCBuildConfiguration;
			buildSettings = {
				ASSETCATALOG_COMPILER_APPICON_NAME = AppIcon;
				INFOPLIST_FILE = Demo/Info.plist;
				LD_RUNPATH_SEARCH_PATHS = "$(inherited) @executable_path/Frameworks";
				PRODUCT_BUNDLE_IDENTIFIER = deer.Demo;
				PRODUCT_NAME = "$(TARGET_NAME)";
			};
			name = Debug;
		};
		895933331BD79DE20049E6FF /* Release */ = {
			isa = XCBuildConfiguration;
			buildSettings = {
				ASSETCATALOG_COMPILER_APPICON_NAME = AppIcon;
				INFOPLIST_FILE = Demo/Info.plist;
				LD_RUNPATH_SEARCH_PATHS = "$(inherited) @executable_path/Frameworks";
				PRODUCT_BUNDLE_IDENTIFIER = deer.Demo;
				PRODUCT_NAME = "$(TARGET_NAME)";
			};
			name = Release;
		};
		895933351BD79DE20049E6FF /* Debug */ = {
			isa = XCBuildConfiguration;
			buildSettings = {
				BUNDLE_LOADER = "$(TEST_HOST)";
				INFOPLIST_FILE = DemoTests/Info.plist;
				LD_RUNPATH_SEARCH_PATHS = "$(inherited) @executable_path/Frameworks @loader_path/Frameworks";
				PRODUCT_BUNDLE_IDENTIFIER = deer.DemoTests;
				PRODUCT_NAME = "$(TARGET_NAME)";
				TEST_HOST = "$(BUILT_PRODUCTS_DIR)/Demo.app/Demo";
			};
			name = Debug;
		};
		895933361BD79DE20049E6FF /* Release */ = {
			isa = XCBuildConfiguration;
			buildSettings = {
				BUNDLE_LOADER = "$(TEST_HOST)";
				INFOPLIST_FILE = DemoTests/Info.plist;
				LD_RUNPATH_SEARCH_PATHS = "$(inherited) @executable_path/Frameworks @loader_path/Frameworks";
				PRODUCT_BUNDLE_IDENTIFIER = deer.DemoTests;
				PRODUCT_NAME = "$(TARGET_NAME)";
				TEST_HOST = "$(BUILT_PRODUCTS_DIR)/Demo.app/Demo";
			};
			name = Release;
		};
/* End XCBuildConfiguration section */

/* Begin XCConfigurationList section */
		895933071BD79DE10049E6FF /* Build configuration list for PBXProject "Demo" */ = {
			isa = XCConfigurationList;
			buildConfigurations = (
				8959332F1BD79DE20049E6FF /* Debug */,
				895933301BD79DE20049E6FF /* Release */,
			);
			defaultConfigurationIsVisible = 0;
			defaultConfigurationName = Release;
		};
		895933311BD79DE20049E6FF /* Build configuration list for PBXNativeTarget "Demo" */ = {
			isa = XCConfigurationList;
			buildConfigurations = (
				895933321BD79DE20049E6FF /* Debug */,
				895933331BD79DE20049E6FF /* Release */,
			);
			defaultConfigurationIsVisible = 0;
		};
		895933341BD79DE20049E6FF /* Build configuration list for PBXNativeTarget "DemoTests" */ = {
			isa = XCConfigurationList;
			buildConfigurations = (
				895933351BD79DE20049E6FF /* Debug */,
				895933361BD79DE20049E6FF /* Release */,
			);
			defaultConfigurationIsVisible = 0;
		};
/* End XCConfigurationList section */

/* Begin XCVersionGroup section */
		8959331B1BD79DE20049E6FF /* Demo.xcdatamodeld */ = {
			isa = XCVersionGroup;
			children = (
				8959331C1BD79DE20049E6FF /* Demo.xcdatamodel */,
			);
			currentVersion = 8959331C1BD79DE20049E6FF /* Demo.xcdatamodel */;
			path = Demo.xcdatamodeld;
			sourceTree = "<group>";
			versionGroupType = wrapper.xcdatamodel;
		};
/* End XCVersionGroup section */
	};
	rootObject = 895933041BD79DE10049E6FF /* Project object */;
}
